
Microsoft Visual Studio Solution File, Format Version 12.00
# Visual Studio Version 17
VisualStudioVersion = 17.4.33205.214
MinimumVisualStudioVersion = 10.0.40219.1
Project("{FAE04EC0-301F-11D3-BF4B-00C04F79EFBC}") = "Shrpclass2", "Shrpclass2\Shrpclass2.csproj", "{933A4F27-EDFD-4746-84C0-B72B4C71A7A7}"
EndProject
Global
	GlobalSection(SolutionConfigurationPlatforms) = preSolution
		Debug|Any CPU = Debug|Any CPU
		Release|Any CPU = Release|Any CPU
	EndGlobalSection
	GlobalSection(ProjectConfigurationPlatforms) = postSolution
		{933A4F27-EDFD-4746-84C0-B72B4C71A7A7}.Debug|Any CPU.ActiveCfg = Debug|Any CPU
		{933A4F27-EDFD-4746-84C0-B72B4C71A7A7}.Debug|Any CPU.Build.0 = Debug|Any CPU
		{933A4F27-EDFD-4746-84C0-B72B4C71A7A7}.Release|Any CPU.ActiveCfg = Release|Any CPU
		{933A4F27-EDFD-4746-84C0-B72B4C71A7A7}.Release|Any CPU.Build.0 = Release|Any CPU
	EndGlobalSection
	GlobalSection(SolutionProperties) = preSolution
		HideSolutionNode = FALSE
	EndGlobalSection
	GlobalSection(ExtensibilityGlobals) = postSolution
		SolutionGuid = {11E12E0B-8BF0-48BA-89CF-C7DAA13318E9}
	EndGlobalSection
EndGlobal
